// !$*UTF8*$!
{
	archiveVersion = 1;
	classes = {
	};
	objectVersion = 46;
	objects = {

/* Begin PBXBuildFile section */
		8F04C096189A488B005EF6F0 /* Foundation.framework in Frameworks */ = {isa = PBXBuildFile; fileRef = 8F04C095189A488B005EF6F0 /* Foundation.framework */; };
		8F04C098189A488B005EF6F0 /* CoreGraphics.framework in Frameworks */ = {isa = PBXBuildFile; fileRef = 8F04C097189A488B005EF6F0 /* CoreGraphics.framework */; };
		8F04C09A189A488B005EF6F0 /* UIKit.framework in Frameworks */ = {isa = PBXBuildFile; fileRef = 8F04C099189A488B005EF6F0 /* UIKit.framework */; };
		8F04C0A0189A488C005EF6F0 /* InfoPlist.strings in Resources */ = {isa = PBXBuildFile; fileRef = 8F04C09E189A488C005EF6F0 /* InfoPlist.strings */; };
		8F04C0A2189A488C005EF6F0 /* main.m in Sources */ = {isa = PBXBuildFile; fileRef = 8F04C0A1189A488C005EF6F0 /* main.m */; };
		8F04C0A6189A488C005EF6F0 /* AppDelegate.m in Sources */ = {isa = PBXBuildFile; fileRef = 8F04C0A5189A488C005EF6F0 /* AppDelegate.m */; };
		8F04C0C7189A4B2E005EF6F0 /* MainWindow.xib in Resources */ = {isa = PBXBuildFile; fileRef = 8F04C0C6189A4B2E005EF6F0 /* MainWindow.xib */; };
		8F04C0CB189A4C6A005EF6F0 /* HomeViewController.m in Sources */ = {isa = PBXBuildFile; fileRef = 8F04C0C9189A4C6A005EF6F0 /* HomeViewController.m */; };
		8F04C0CC189A4C6A005EF6F0 /* HomeViewController.xib in Resources */ = {isa = PBXBuildFile; fileRef = 8F04C0CA189A4C6A005EF6F0 /* HomeViewController.xib */; };
		8F04C0DA189A529F005EF6F0 /* SettingViewController.m in Sources */ = {isa = PBXBuildFile; fileRef = 8F04C0D8189A529F005EF6F0 /* SettingViewController.m */; };
		8F04C0DB189A529F005EF6F0 /* SettingViewController.xib in Resources */ = {isa = PBXBuildFile; fileRef = 8F04C0D9189A529F005EF6F0 /* SettingViewController.xib */; };
		8F04C0E4189A5546005EF6F0 /* Human.cpp in Sources */ = {isa = PBXBuildFile; fileRef = 8F04C0DC189A5546005EF6F0 /* Human.cpp */; };
		8F04C0E5189A5546005EF6F0 /* Computer.cpp in Sources */ = {isa = PBXBuildFile; fileRef = 8F04C0DE189A5546005EF6F0 /* Computer.cpp */; };
		8F04C0E6189A5546005EF6F0 /* Player.cpp in Sources */ = {isa = PBXBuildFile; fileRef = 8F04C0E0189A5546005EF6F0 /* Player.cpp */; };
		8F04C0E7189A5546005EF6F0 /* TicTacToeGame.cpp in Sources */ = {isa = PBXBuildFile; fileRef = 8F04C0E2189A5546005EF6F0 /* TicTacToeGame.cpp */; };
		8F8E1DEA189CED92001244BA /* PlayViewController.m in Sources */ = {isa = PBXBuildFile; fileRef = 8F8E1DE8189CED92001244BA /* PlayViewController.m */; };
		8F8E1DEB189CED92001244BA /* PlayViewController.xib in Resources */ = {isa = PBXBuildFile; fileRef = 8F8E1DE9189CED92001244BA /* PlayViewController.xib */; };
		8F8E1DEE189CEE18001244BA /* GameSettingModel.m in Sources */ = {isa = PBXBuildFile; fileRef = 8F8E1DED189CEE18001244BA /* GameSettingModel.m */; };
		8F8E1DF8189CFF75001244BA /* UserInputContext.cpp in Sources */ = {isa = PBXBuildFile; fileRef = 8F8E1DF6189CFF75001244BA /* UserInputContext.cpp */; };
		8F8E1DFB189D045A001244BA /* TicTacToeGameManager.m in Sources */ = {isa = PBXBuildFile; fileRef = 8F8E1DFA189D045A001244BA /* TicTacToeGameManager.m */; };
		8FA16F99189E5BB300117E60 /* KBDunkTank.ttf in Resources */ = {isa = PBXBuildFile; fileRef = 8FA16F98189E5BB300117E60 /* KBDunkTank.ttf */; };
		8FA16F9B189E641800117E60 /* ApplicationBackground.jpg in Resources */ = {isa = PBXBuildFile; fileRef = 8FA16F9A189E641800117E60 /* ApplicationBackground.jpg */; };
		8FA16F9D189E6FAE00117E60 /* ApplicationFrame.png in Resources */ = {isa = PBXBuildFile; fileRef = 8FA16F9C189E6FAE00117E60 /* ApplicationFrame.png */; };
		8FA16FA3189E755300117E60 /* GameBoardFrame.png in Resources */ = {isa = PBXBuildFile; fileRef = 8FA16FA2189E755300117E60 /* GameBoardFrame.png */; };
		8FA16FA5189E781D00117E60 /* ScoreFrame.png in Resources */ = {isa = PBXBuildFile; fileRef = 8FA16FA4189E781D00117E60 /* ScoreFrame.png */; };
		8FA16FAC189E7C2F00117E60 /* RedSign.png in Resources */ = {isa = PBXBuildFile; fileRef = 8FA16FA7189E7C2F00117E60 /* RedSign.png */; };
		8FA16FAD189E7C2F00117E60 /* BlueSign.png in Resources */ = {isa = PBXBuildFile; fileRef = 8FA16FA8189E7C2F00117E60 /* BlueSign.png */; };
		8FA16FAE189E7C2F00117E60 /* YellowSign.png in Resources */ = {isa = PBXBuildFile; fileRef = 8FA16FA9189E7C2F00117E60 /* YellowSign.png */; };
		8FA16FAF189E7C2F00117E60 /* GreenSign.png in Resources */ = {isa = PBXBuildFile; fileRef = 8FA16FAA189E7C2F00117E60 /* GreenSign.png */; };
		8FA16FB0189E7C2F00117E60 /* PinkSign.png in Resources */ = {isa = PBXBuildFile; fileRef = 8FA16FAB189E7C2F00117E60 /* PinkSign.png */; };
		8FA16FB2189EBA2600117E60 /* Replay.png in Resources */ = {isa = PBXBuildFile; fileRef = 8FA16FB1189EBA2600117E60 /* Replay.png */; };
		8FA16FB8189ECAEF00117E60 /* XCTest.framework in Frameworks */ = {isa = PBXBuildFile; fileRef = 8F04C0AE189A488C005EF6F0 /* XCTest.framework */; };
		8FA16FB9189ECAEF00117E60 /* Foundation.framework in Frameworks */ = {isa = PBXBuildFile; fileRef = 8F04C095189A488B005EF6F0 /* Foundation.framework */; };
		8FA16FBA189ECAEF00117E60 /* UIKit.framework in Frameworks */ = {isa = PBXBuildFile; fileRef = 8F04C099189A488B005EF6F0 /* UIKit.framework */; };
		8FA16FC0189ECAEF00117E60 /* InfoPlist.strings in Resources */ = {isa = PBXBuildFile; fileRef = 8FA16FBE189ECAEF00117E60 /* InfoPlist.strings */; };
		8FA16FC2189ECAEF00117E60 /* TicTacToe_Tests.m in Sources */ = {isa = PBXBuildFile; fileRef = 8FA16FC1189ECAEF00117E60 /* TicTacToe_Tests.m */; };
		8FF17D12189EDB2900573433 /* CoreGraphics.framework in Frameworks */ = {isa = PBXBuildFile; fileRef = 8F04C097189A488B005EF6F0 /* CoreGraphics.framework */; };
		8FF17D14189EDB6800573433 /* QuartzCore.framework in Frameworks */ = {isa = PBXBuildFile; fileRef = 8FF17D13189EDB6800573433 /* QuartzCore.framework */; };
/* End PBXBuildFile section */

/* Begin PBXContainerItemProxy section */
		8FA16FC4189ECAEF00117E60 /* PBXContainerItemProxy */ = {
			isa = PBXContainerItemProxy;
			containerPortal = 8F04C08A189A488B005EF6F0 /* Project object */;
			proxyType = 1;
			remoteGlobalIDString = 8F04C091189A488B005EF6F0;
			remoteInfo = TicTacToe;
		};
/* End PBXContainerItemProxy section */

/* Begin PBXFileReference section */
		8F04C092189A488B005EF6F0 /* TicTacToe.app */ = {isa = PBXFileReference; explicitFileType = wrapper.application; includeInIndex = 0; path = TicTacToe.app; sourceTree = BUILT_PRODUCTS_DIR; };
		8F04C095189A488B005EF6F0 /* Foundation.framework */ = {isa = PBXFileReference; lastKnownFileType = wrapper.framework; name = Foundation.framework; path = System/Library/Frameworks/Foundation.framework; sourceTree = SDKROOT; };
		8F04C097189A488B005EF6F0 /* CoreGraphics.framework */ = {isa = PBXFileReference; lastKnownFileType = wrapper.framework; name = CoreGraphics.framework; path = System/Library/Frameworks/CoreGraphics.framework; sourceTree = SDKROOT; };
		8F04C099189A488B005EF6F0 /* UIKit.framework */ = {isa = PBXFileReference; lastKnownFileType = wrapper.framework; name = UIKit.framework; path = System/Library/Frameworks/UIKit.framework; sourceTree = SDKROOT; };
		8F04C09D189A488C005EF6F0 /* TicTacToe-Info.plist */ = {isa = PBXFileReference; lastKnownFileType = text.plist.xml; path = "TicTacToe-Info.plist"; sourceTree = "<group>"; };
		8F04C09F189A488C005EF6F0 /* en */ = {isa = PBXFileReference; lastKnownFileType = text.plist.strings; name = en; path = en.lproj/InfoPlist.strings; sourceTree = "<group>"; };
		8F04C0A1189A488C005EF6F0 /* main.m */ = {isa = PBXFileReference; lastKnownFileType = sourcecode.c.objc; path = main.m; sourceTree = "<group>"; };
		8F04C0A3189A488C005EF6F0 /* TicTacToe-Prefix.pch */ = {isa = PBXFileReference; lastKnownFileType = sourcecode.c.h; path = "TicTacToe-Prefix.pch"; sourceTree = "<group>"; };
		8F04C0A4189A488C005EF6F0 /* AppDelegate.h */ = {isa = PBXFileReference; lastKnownFileType = sourcecode.c.h; path = AppDelegate.h; sourceTree = "<group>"; };
		8F04C0A5189A488C005EF6F0 /* AppDelegate.m */ = {isa = PBXFileReference; lastKnownFileType = sourcecode.c.objc; path = AppDelegate.m; sourceTree = "<group>"; };
		8F04C0AE189A488C005EF6F0 /* XCTest.framework */ = {isa = PBXFileReference; lastKnownFileType = wrapper.framework; name = XCTest.framework; path = Library/Frameworks/XCTest.framework; sourceTree = DEVELOPER_DIR; };
		8F04C0C6189A4B2E005EF6F0 /* MainWindow.xib */ = {isa = PBXFileReference; fileEncoding = 4; lastKnownFileType = file.xib; path = MainWindow.xib; sourceTree = "<group>"; };
		8F04C0C8189A4C6A005EF6F0 /* HomeViewController.h */ = {isa = PBXFileReference; fileEncoding = 4; lastKnownFileType = sourcecode.c.h; name = HomeViewController.h; path = ViewControllers/HomeViewController.h; sourceTree = "<group>"; };
		8F04C0C9189A4C6A005EF6F0 /* HomeViewController.m */ = {isa = PBXFileReference; explicitFileType = sourcecode.cpp.objcpp; fileEncoding = 4; name = HomeViewController.m; path = ViewControllers/HomeViewController.m; sourceTree = "<group>"; };
		8F04C0CA189A4C6A005EF6F0 /* HomeViewController.xib */ = {isa = PBXFileReference; fileEncoding = 4; lastKnownFileType = file.xib; name = HomeViewController.xib; path = ViewControllers/HomeViewController.xib; sourceTree = "<group>"; };
		8F04C0D7189A529F005EF6F0 /* SettingViewController.h */ = {isa = PBXFileReference; fileEncoding = 4; lastKnownFileType = sourcecode.c.h; name = SettingViewController.h; path = ViewControllers/SettingViewController.h; sourceTree = "<group>"; };
		8F04C0D8189A529F005EF6F0 /* SettingViewController.m */ = {isa = PBXFileReference; explicitFileType = sourcecode.cpp.objcpp; fileEncoding = 4; name = SettingViewController.m; path = ViewControllers/SettingViewController.m; sourceTree = "<group>"; };
		8F04C0D9189A529F005EF6F0 /* SettingViewController.xib */ = {isa = PBXFileReference; fileEncoding = 4; lastKnownFileType = file.xib; name = SettingViewController.xib; path = ViewControllers/SettingViewController.xib; sourceTree = "<group>"; };
		8F04C0DC189A5546005EF6F0 /* Human.cpp */ = {isa = PBXFileReference; fileEncoding = 4; lastKnownFileType = sourcecode.cpp.cpp; name = Human.cpp; path = Model/Human.cpp; sourceTree = "<group>"; };
		8F04C0DD189A5546005EF6F0 /* Human.h */ = {isa = PBXFileReference; fileEncoding = 4; lastKnownFileType = sourcecode.c.h; name = Human.h; path = Model/Human.h; sourceTree = "<group>"; };
		8F04C0DE189A5546005EF6F0 /* Computer.cpp */ = {isa = PBXFileReference; fileEncoding = 4; lastKnownFileType = sourcecode.cpp.cpp; name = Computer.cpp; path = Model/Computer.cpp; sourceTree = "<group>"; };
		8F04C0DF189A5546005EF6F0 /* Computer.h */ = {isa = PBXFileReference; fileEncoding = 4; lastKnownFileType = sourcecode.c.h; name = Computer.h; path = Model/Computer.h; sourceTree = "<group>"; };
		8F04C0E0189A5546005EF6F0 /* Player.cpp */ = {isa = PBXFileReference; fileEncoding = 4; lastKnownFileType = sourcecode.cpp.cpp; name = Player.cpp; path = Model/Player.cpp; sourceTree = "<group>"; };
		8F04C0E1189A5546005EF6F0 /* Player.h */ = {isa = PBXFileReference; fileEncoding = 4; lastKnownFileType = sourcecode.c.h; name = Player.h; path = Model/Player.h; sourceTree = "<group>"; };
		8F04C0E2189A5546005EF6F0 /* TicTacToeGame.cpp */ = {isa = PBXFileReference; fileEncoding = 4; lastKnownFileType = sourcecode.cpp.cpp; name = TicTacToeGame.cpp; path = Model/TicTacToeGame.cpp; sourceTree = "<group>"; };
		8F04C0E3189A5546005EF6F0 /* TicTacToeGame.h */ = {isa = PBXFileReference; fileEncoding = 4; lastKnownFileType = sourcecode.c.h; name = TicTacToeGame.h; path = Model/TicTacToeGame.h; sourceTree = "<group>"; };
		8F8E1DE7189CED92001244BA /* PlayViewController.h */ = {isa = PBXFileReference; fileEncoding = 4; lastKnownFileType = sourcecode.c.h; name = PlayViewController.h; path = ViewControllers/PlayViewController.h; sourceTree = "<group>"; };
		8F8E1DE8189CED92001244BA /* PlayViewController.m */ = {isa = PBXFileReference; explicitFileType = sourcecode.cpp.objcpp; fileEncoding = 4; name = PlayViewController.m; path = ViewControllers/PlayViewController.m; sourceTree = "<group>"; };
		8F8E1DE9189CED92001244BA /* PlayViewController.xib */ = {isa = PBXFileReference; fileEncoding = 4; lastKnownFileType = file.xib; name = PlayViewController.xib; path = ViewControllers/PlayViewController.xib; sourceTree = "<group>"; };
		8F8E1DEC189CEE18001244BA /* GameSettingModel.h */ = {isa = PBXFileReference; fileEncoding = 4; lastKnownFileType = sourcecode.c.h; name = GameSettingModel.h; path = Model/GameSettingModel.h; sourceTree = "<group>"; };
		8F8E1DED189CEE18001244BA /* GameSettingModel.m */ = {isa = PBXFileReference; fileEncoding = 4; lastKnownFileType = sourcecode.c.objc; name = GameSettingModel.m; path = Model/GameSettingModel.m; sourceTree = "<group>"; };
		8F8E1DF6189CFF75001244BA /* UserInputContext.cpp */ = {isa = PBXFileReference; explicitFileType = sourcecode.cpp.objcpp; fileEncoding = 4; name = UserInputContext.cpp; path = Model/UserInputContext.cpp; sourceTree = "<group>"; };
		8F8E1DF7189CFF75001244BA /* UserInputContext.h */ = {isa = PBXFileReference; fileEncoding = 4; lastKnownFileType = sourcecode.c.h; name = UserInputContext.h; path = Model/UserInputContext.h; sourceTree = "<group>"; };
		8F8E1DF9189D045A001244BA /* TicTacToeGameManager.h */ = {isa = PBXFileReference; fileEncoding = 4; lastKnownFileType = sourcecode.c.h; name = TicTacToeGameManager.h; path = Model/TicTacToeGameManager.h; sourceTree = "<group>"; };
		8F8E1DFA189D045A001244BA /* TicTacToeGameManager.m */ = {isa = PBXFileReference; explicitFileType = sourcecode.cpp.objcpp; fileEncoding = 4; name = TicTacToeGameManager.m; path = Model/TicTacToeGameManager.m; sourceTree = "<group>"; };
		8F8E1DFC189D404D001244BA /* Constant.h */ = {isa = PBXFileReference; lastKnownFileType = sourcecode.c.h; path = Constant.h; sourceTree = "<group>"; };
		8F8E1DFD189DE81E001244BA /* Settings.h */ = {isa = PBXFileReference; lastKnownFileType = sourcecode.c.h; path = Settings.h; sourceTree = "<group>"; };
		8FA16F98189E5BB300117E60 /* KBDunkTank.ttf */ = {isa = PBXFileReference; lastKnownFileType = file; path = KBDunkTank.ttf; sourceTree = "<group>"; };
		8FA16F9A189E641800117E60 /* ApplicationBackground.jpg */ = {isa = PBXFileReference; lastKnownFileType = image.jpeg; name = ApplicationBackground.jpg; path = Resources/ApplicationBackground.jpg; sourceTree = "<group>"; };
		8FA16F9C189E6FAE00117E60 /* ApplicationFrame.png */ = {isa = PBXFileReference; lastKnownFileType = image.png; name = ApplicationFrame.png; path = Resources/ApplicationFrame.png; sourceTree = "<group>"; };
		8FA16FA2189E755300117E60 /* GameBoardFrame.png */ = {isa = PBXFileReference; lastKnownFileType = image.png; name = GameBoardFrame.png; path = Resources/GameBoardFrame.png; sourceTree = "<group>"; };
		8FA16FA4189E781D00117E60 /* ScoreFrame.png */ = {isa = PBXFileReference; lastKnownFileType = image.png; name = ScoreFrame.png; path = Resources/ScoreFrame.png; sourceTree = "<group>"; };
		8FA16FA7189E7C2F00117E60 /* RedSign.png */ = {isa = PBXFileReference; lastKnownFileType = image.png; name = RedSign.png; path = Resources/RedSign.png; sourceTree = "<group>"; };
		8FA16FA8189E7C2F00117E60 /* BlueSign.png */ = {isa = PBXFileReference; lastKnownFileType = image.png; name = BlueSign.png; path = Resources/BlueSign.png; sourceTree = "<group>"; };
		8FA16FA9189E7C2F00117E60 /* YellowSign.png */ = {isa = PBXFileReference; lastKnownFileType = image.png; name = YellowSign.png; path = Resources/YellowSign.png; sourceTree = "<group>"; };
		8FA16FAA189E7C2F00117E60 /* GreenSign.png */ = {isa = PBXFileReference; lastKnownFileType = image.png; name = GreenSign.png; path = Resources/GreenSign.png; sourceTree = "<group>"; };
		8FA16FAB189E7C2F00117E60 /* PinkSign.png */ = {isa = PBXFileReference; lastKnownFileType = image.png; name = PinkSign.png; path = Resources/PinkSign.png; sourceTree = "<group>"; };
		8FA16FB1189EBA2600117E60 /* Replay.png */ = {isa = PBXFileReference; lastKnownFileType = image.png; name = Replay.png; path = Resources/Replay.png; sourceTree = "<group>"; };
		8FA16FB7189ECAEE00117E60 /* TicTacToe Tests.xctest */ = {isa = PBXFileReference; explicitFileType = wrapper.cfbundle; includeInIndex = 0; path = "TicTacToe Tests.xctest"; sourceTree = BUILT_PRODUCTS_DIR; };
		8FA16FBD189ECAEF00117E60 /* TicTacToe Tests-Info.plist */ = {isa = PBXFileReference; lastKnownFileType = text.plist.xml; path = "TicTacToe Tests-Info.plist"; sourceTree = "<group>"; };
		8FA16FBF189ECAEF00117E60 /* en */ = {isa = PBXFileReference; lastKnownFileType = text.plist.strings; name = en; path = en.lproj/InfoPlist.strings; sourceTree = "<group>"; };
		8FA16FC1189ECAEF00117E60 /* TicTacToe_Tests.m */ = {isa = PBXFileReference; lastKnownFileType = sourcecode.c.objc; path = TicTacToe_Tests.m; sourceTree = "<group>"; };
		8FA16FC3189ECAEF00117E60 /* TicTacToe Tests-Prefix.pch */ = {isa = PBXFileReference; lastKnownFileType = sourcecode.c.h; path = "TicTacToe Tests-Prefix.pch"; sourceTree = "<group>"; };
		8FF17D13189EDB6800573433 /* QuartzCore.framework */ = {isa = PBXFileReference; lastKnownFileType = wrapper.framework; name = QuartzCore.framework; path = System/Library/Frameworks/QuartzCore.framework; sourceTree = SDKROOT; };
/* End PBXFileReference section */

/* Begin PBXFrameworksBuildPhase section */
		8F04C08F189A488B005EF6F0 /* Frameworks */ = {
			isa = PBXFrameworksBuildPhase;
			buildActionMask = 2147483647;
			files = (
				8F04C098189A488B005EF6F0 /* CoreGraphics.framework in Frameworks */,
				8F04C09A189A488B005EF6F0 /* UIKit.framework in Frameworks */,
				8F04C096189A488B005EF6F0 /* Foundation.framework in Frameworks */,
			);
			runOnlyForDeploymentPostprocessing = 0;
		};
		8FA16FB4189ECAEE00117E60 /* Frameworks */ = {
			isa = PBXFrameworksBuildPhase;
			buildActionMask = 2147483647;
			files = (
				8FF17D14189EDB6800573433 /* QuartzCore.framework in Frameworks */,
				8FF17D12189EDB2900573433 /* CoreGraphics.framework in Frameworks */,
				8FA16FB8189ECAEF00117E60 /* XCTest.framework in Frameworks */,
				8FA16FBA189ECAEF00117E60 /* UIKit.framework in Frameworks */,
				8FA16FB9189ECAEF00117E60 /* Foundation.framework in Frameworks */,
			);
			runOnlyForDeploymentPostprocessing = 0;
		};
/* End PBXFrameworksBuildPhase section */

/* Begin PBXGroup section */
		8F04C089189A488B005EF6F0 = {
			isa = PBXGroup;
			children = (
				8FF17D13189EDB6800573433 /* QuartzCore.framework */,
				8F04C09B189A488B005EF6F0 /* TicTacToe */,
				8FA16FBB189ECAEF00117E60 /* TicTacToe Tests */,
				8F04C094189A488B005EF6F0 /* Frameworks */,
				8F04C093189A488B005EF6F0 /* Products */,
			);
			sourceTree = "<group>";
		};
		8F04C093189A488B005EF6F0 /* Products */ = {
			isa = PBXGroup;
			children = (
				8F04C092189A488B005EF6F0 /* TicTacToe.app */,
				8FA16FB7189ECAEE00117E60 /* TicTacToe Tests.xctest */,
			);
			name = Products;
			sourceTree = "<group>";
		};
		8F04C094189A488B005EF6F0 /* Frameworks */ = {
			isa = PBXGroup;
			children = (
				8F04C095189A488B005EF6F0 /* Foundation.framework */,
				8F04C097189A488B005EF6F0 /* CoreGraphics.framework */,
				8F04C099189A488B005EF6F0 /* UIKit.framework */,
				8F04C0AE189A488C005EF6F0 /* XCTest.framework */,
			);
			name = Frameworks;
			sourceTree = "<group>";
		};
		8F04C09B189A488B005EF6F0 /* TicTacToe */ = {
			isa = PBXGroup;
			children = (
				8F8E1DF5189CFF1C001244BA /* Bridge */,
				8F04C0A4189A488C005EF6F0 /* AppDelegate.h */,
				8F04C0A5189A488C005EF6F0 /* AppDelegate.m */,
				8F04C0C5189A4A73005EF6F0 /* ViewControllers */,
				8F04C0C4189A4A6B005EF6F0 /* Model */,
				8F04C09C189A488B005EF6F0 /* Supporting Files */,
			);
			path = TicTacToe;
			sourceTree = "<group>";
		};
		8F04C09C189A488B005EF6F0 /* Supporting Files */ = {
			isa = PBXGroup;
			children = (
				8F04C0CD189A4D98005EF6F0 /* Resources */,
				8F04C09D189A488C005EF6F0 /* TicTacToe-Info.plist */,
				8F04C09E189A488C005EF6F0 /* InfoPlist.strings */,
				8F04C0A1189A488C005EF6F0 /* main.m */,
				8F04C0A3189A488C005EF6F0 /* TicTacToe-Prefix.pch */,
				8F8E1DFC189D404D001244BA /* Constant.h */,
				8F8E1DFD189DE81E001244BA /* Settings.h */,
			);
			name = "Supporting Files";
			sourceTree = "<group>";
		};
		8F04C0C4189A4A6B005EF6F0 /* Model */ = {
			isa = PBXGroup;
			children = (
				8F04C0E2189A5546005EF6F0 /* TicTacToeGame.cpp */,
				8F04C0E3189A5546005EF6F0 /* TicTacToeGame.h */,
				8F04C0E0189A5546005EF6F0 /* Player.cpp */,
				8F04C0E1189A5546005EF6F0 /* Player.h */,
				8F04C0DC189A5546005EF6F0 /* Human.cpp */,
				8F04C0DD189A5546005EF6F0 /* Human.h */,
				8F04C0DE189A5546005EF6F0 /* Computer.cpp */,
				8F04C0DF189A5546005EF6F0 /* Computer.h */,
				8F8E1DF6189CFF75001244BA /* UserInputContext.cpp */,
				8F8E1DF7189CFF75001244BA /* UserInputContext.h */,
			);
			name = Model;
			sourceTree = "<group>";
		};
		8F04C0C5189A4A73005EF6F0 /* ViewControllers */ = {
			isa = PBXGroup;
			children = (
				8F04C0C6189A4B2E005EF6F0 /* MainWindow.xib */,
				8F04C0C8189A4C6A005EF6F0 /* HomeViewController.h */,
				8F04C0C9189A4C6A005EF6F0 /* HomeViewController.m */,
				8F04C0CA189A4C6A005EF6F0 /* HomeViewController.xib */,
				8F04C0D7189A529F005EF6F0 /* SettingViewController.h */,
				8F04C0D8189A529F005EF6F0 /* SettingViewController.m */,
				8F04C0D9189A529F005EF6F0 /* SettingViewController.xib */,
				8F8E1DE7189CED92001244BA /* PlayViewController.h */,
				8F8E1DE8189CED92001244BA /* PlayViewController.m */,
				8F8E1DE9189CED92001244BA /* PlayViewController.xib */,
			);
			name = ViewControllers;
			sourceTree = "<group>";
		};
		8F04C0CD189A4D98005EF6F0 /* Resources */ = {
			isa = PBXGroup;
			children = (
				8FA16FA6189E7C2600117E60 /* Sign */,
				8F8E1E02189E3855001244BA /* Custom Font */,
				8FA16FA2189E755300117E60 /* GameBoardFrame.png */,
				8FA16FA4189E781D00117E60 /* ScoreFrame.png */,
				8FA16FB1189EBA2600117E60 /* Replay.png */,
				8FA16F9C189E6FAE00117E60 /* ApplicationFrame.png */,
				8FA16F9A189E641800117E60 /* ApplicationBackground.jpg */,
			);
			name = Resources;
			sourceTree = "<group>";
		};
		8F8E1DF5189CFF1C001244BA /* Bridge */ = {
			isa = PBXGroup;
			children = (
				8F8E1DF9189D045A001244BA /* TicTacToeGameManager.h */,
				8F8E1DFA189D045A001244BA /* TicTacToeGameManager.m */,
				8F8E1DEC189CEE18001244BA /* GameSettingModel.h */,
				8F8E1DED189CEE18001244BA /* GameSettingModel.m */,
			);
			name = Bridge;
			sourceTree = "<group>";
		};
		8F8E1E02189E3855001244BA /* Custom Font */ = {
			isa = PBXGroup;
			children = (
				8FA16F98189E5BB300117E60 /* KBDunkTank.ttf */,
			);
			name = "Custom Font";
			sourceTree = "<group>";
		};
		8FA16FA6189E7C2600117E60 /* Sign */ = {
			isa = PBXGroup;
			children = (
				8FA16FA7189E7C2F00117E60 /* RedSign.png */,
				8FA16FA8189E7C2F00117E60 /* BlueSign.png */,
				8FA16FA9189E7C2F00117E60 /* YellowSign.png */,
				8FA16FAA189E7C2F00117E60 /* GreenSign.png */,
				8FA16FAB189E7C2F00117E60 /* PinkSign.png */,
			);
			name = Sign;
			sourceTree = "<group>";
		};
		8FA16FBB189ECAEF00117E60 /* TicTacToe Tests */ = {
			isa = PBXGroup;
			children = (
				8FA16FC1189ECAEF00117E60 /* TicTacToe_Tests.m */,
				8FA16FBC189ECAEF00117E60 /* Supporting Files */,
			);
			path = "TicTacToe Tests";
			sourceTree = "<group>";
		};
		8FA16FBC189ECAEF00117E60 /* Supporting Files */ = {
			isa = PBXGroup;
			children = (
				8FA16FBD189ECAEF00117E60 /* TicTacToe Tests-Info.plist */,
				8FA16FBE189ECAEF00117E60 /* InfoPlist.strings */,
				8FA16FC3189ECAEF00117E60 /* TicTacToe Tests-Prefix.pch */,
			);
			name = "Supporting Files";
			sourceTree = "<group>";
		};
/* End PBXGroup section */

/* Begin PBXNativeTarget section */
		8F04C091189A488B005EF6F0 /* TicTacToe */ = {
			isa = PBXNativeTarget;
			buildConfigurationList = 8F04C0BE189A488C005EF6F0 /* Build configuration list for PBXNativeTarget "TicTacToe" */;
			buildPhases = (
				8F04C08E189A488B005EF6F0 /* Sources */,
				8F04C08F189A488B005EF6F0 /* Frameworks */,
				8F04C090189A488B005EF6F0 /* Resources */,
			);
			buildRules = (
			);
			dependencies = (
			);
			name = TicTacToe;
			productName = TicTacToe;
			productReference = 8F04C092189A488B005EF6F0 /* TicTacToe.app */;
			productType = "com.apple.product-type.application";
		};
		8FA16FB6189ECAEE00117E60 /* TicTacToe Tests */ = {
			isa = PBXNativeTarget;
			buildConfigurationList = 8FA16FC6189ECAEF00117E60 /* Build configuration list for PBXNativeTarget "TicTacToe Tests" */;
			buildPhases = (
				8FA16FB3189ECAEE00117E60 /* Sources */,
				8FA16FB4189ECAEE00117E60 /* Frameworks */,
				8FA16FB5189ECAEE00117E60 /* Resources */,
			);
			buildRules = (
			);
			dependencies = (
				8FA16FC5189ECAEF00117E60 /* PBXTargetDependency */,
			);
			name = "TicTacToe Tests";
			productName = "TicTacToe Tests";
			productReference = 8FA16FB7189ECAEE00117E60 /* TicTacToe Tests.xctest */;
			productType = "com.apple.product-type.bundle.unit-test";
		};
/* End PBXNativeTarget section */

/* Begin PBXProject section */
		8F04C08A189A488B005EF6F0 /* Project object */ = {
			isa = PBXProject;
			attributes = {
				LastUpgradeCheck = 0500;
				ORGANIZATIONNAME = ThoughtWorks;
				TargetAttributes = {
					8FA16FB6189ECAEE00117E60 = {
						TestTargetID = 8F04C091189A488B005EF6F0;
					};
				};
			};
			buildConfigurationList = 8F04C08D189A488B005EF6F0 /* Build configuration list for PBXProject "TicTacToe" */;
			compatibilityVersion = "Xcode 3.2";
			developmentRegion = English;
			hasScannedForEncodings = 0;
			knownRegions = (
				en,
			);
			mainGroup = 8F04C089189A488B005EF6F0;
			productRefGroup = 8F04C093189A488B005EF6F0 /* Products */;
			projectDirPath = "";
			projectRoot = "";
			targets = (
				8F04C091189A488B005EF6F0 /* TicTacToe */,
				8FA16FB6189ECAEE00117E60 /* TicTacToe Tests */,
			);
		};
/* End PBXProject section */

/* Begin PBXResourcesBuildPhase section */
		8F04C090189A488B005EF6F0 /* Resources */ = {
			isa = PBXResourcesBuildPhase;
			buildActionMask = 2147483647;
			files = (
				8FA16F9B189E641800117E60 /* ApplicationBackground.jpg in Resources */,
				8FA16FAF189E7C2F00117E60 /* GreenSign.png in Resources */,
				8FA16FAD189E7C2F00117E60 /* BlueSign.png in Resources */,
				8F04C0DB189A529F005EF6F0 /* SettingViewController.xib in Resources */,
				8FA16FB0189E7C2F00117E60 /* PinkSign.png in Resources */,
				8F04C0A0189A488C005EF6F0 /* InfoPlist.strings in Resources */,
				8FA16F9D189E6FAE00117E60 /* ApplicationFrame.png in Resources */,
				8F8E1DEB189CED92001244BA /* PlayViewController.xib in Resources */,
				8F04C0C7189A4B2E005EF6F0 /* MainWindow.xib in Resources */,
				8FA16FA3189E755300117E60 /* GameBoardFrame.png in Resources */,
				8FA16F99189E5BB300117E60 /* KBDunkTank.ttf in Resources */,
				8FA16FB2189EBA2600117E60 /* Replay.png in Resources */,
				8FA16FAE189E7C2F00117E60 /* YellowSign.png in Resources */,
				8F04C0CC189A4C6A005EF6F0 /* HomeViewController.xib in Resources */,
				8FA16FAC189E7C2F00117E60 /* RedSign.png in Resources */,
				8FA16FA5189E781D00117E60 /* ScoreFrame.png in Resources */,
			);
			runOnlyForDeploymentPostprocessing = 0;
		};
		8FA16FB5189ECAEE00117E60 /* Resources */ = {
			isa = PBXResourcesBuildPhase;
			buildActionMask = 2147483647;
			files = (
				8FA16FC0189ECAEF00117E60 /* InfoPlist.strings in Resources */,
			);
			runOnlyForDeploymentPostprocessing = 0;
		};
/* End PBXResourcesBuildPhase section */

/* Begin PBXSourcesBuildPhase section */
		8F04C08E189A488B005EF6F0 /* Sources */ = {
			isa = PBXSourcesBuildPhase;
			buildActionMask = 2147483647;
			files = (
				8F04C0A6189A488C005EF6F0 /* AppDelegate.m in Sources */,
				8F04C0E6189A5546005EF6F0 /* Player.cpp in Sources */,
				8F04C0A2189A488C005EF6F0 /* main.m in Sources */,
				8F04C0CB189A4C6A005EF6F0 /* HomeViewController.m in Sources */,
				8F8E1DF8189CFF75001244BA /* UserInputContext.cpp in Sources */,
				8F04C0E7189A5546005EF6F0 /* TicTacToeGame.cpp in Sources */,
				8F8E1DFB189D045A001244BA /* TicTacToeGameManager.m in Sources */,
				8F04C0DA189A529F005EF6F0 /* SettingViewController.m in Sources */,
				8F04C0E5189A5546005EF6F0 /* Computer.cpp in Sources */,
				8F8E1DEA189CED92001244BA /* PlayViewController.m in Sources */,
				8F8E1DEE189CEE18001244BA /* GameSettingModel.m in Sources */,
				8F04C0E4189A5546005EF6F0 /* Human.cpp in Sources */,
			);
			runOnlyForDeploymentPostprocessing = 0;
		};
		8FA16FB3189ECAEE00117E60 /* Sources */ = {
			isa = PBXSourcesBuildPhase;
			buildActionMask = 2147483647;
			files = (
				8FA16FC2189ECAEF00117E60 /* TicTacToe_Tests.m in Sources */,
			);
			runOnlyForDeploymentPostprocessing = 0;
		};
/* End PBXSourcesBuildPhase section */

/* Begin PBXTargetDependency section */
		8FA16FC5189ECAEF00117E60 /* PBXTargetDependency */ = {
			isa = PBXTargetDependency;
			target = 8F04C091189A488B005EF6F0 /* TicTacToe */;
			targetProxy = 8FA16FC4189ECAEF00117E60 /* PBXContainerItemProxy */;
		};
/* End PBXTargetDependency section */

/* Begin PBXVariantGroup section */
		8F04C09E189A488C005EF6F0 /* InfoPlist.strings */ = {
			isa = PBXVariantGroup;
			children = (
				8F04C09F189A488C005EF6F0 /* en */,
			);
			name = InfoPlist.strings;
			sourceTree = "<group>";
		};
		8FA16FBE189ECAEF00117E60 /* InfoPlist.strings */ = {
			isa = PBXVariantGroup;
			children = (
				8FA16FBF189ECAEF00117E60 /* en */,
			);
			name = InfoPlist.strings;
			sourceTree = "<group>";
		};
/* End PBXVariantGroup section */

/* Begin XCBuildConfiguration section */
		8F04C0BC189A488C005EF6F0 /* Debug */ = {
			isa = XCBuildConfiguration;
			buildSettings = {
				ALWAYS_SEARCH_USER_PATHS = NO;
				ARCHS = "$(ARCHS_STANDARD_INCLUDING_64_BIT)";
				CLANG_CXX_LANGUAGE_STANDARD = "gnu++0x";
				CLANG_CXX_LIBRARY = "libc++";
				CLANG_ENABLE_MODULES = YES;
				CLANG_ENABLE_OBJC_ARC = YES;
				CLANG_WARN_BOOL_CONVERSION = YES;
				CLANG_WARN_CONSTANT_CONVERSION = YES;
				CLANG_WARN_DIRECT_OBJC_ISA_USAGE = YES_ERROR;
				CLANG_WARN_EMPTY_BODY = YES;
				CLANG_WARN_ENUM_CONVERSION = YES;
				CLANG_WARN_INT_CONVERSION = YES;
				CLANG_WARN_OBJC_ROOT_CLASS = YES_ERROR;
				CLANG_WARN__DUPLICATE_METHOD_MATCH = YES;
				"CODE_SIGN_IDENTITY[sdk=iphoneos*]" = "iPhone Developer";
				COPY_PHASE_STRIP = NO;
				GCC_C_LANGUAGE_STANDARD = gnu99;
				GCC_DYNAMIC_NO_PIC = NO;
				GCC_OPTIMIZATION_LEVEL = 0;
				GCC_PREPROCESSOR_DEFINITIONS = (
					"DEBUG=1",
					"$(inherited)",
				);
				GCC_SYMBOLS_PRIVATE_EXTERN = NO;
				GCC_WARN_64_TO_32_BIT_CONVERSION = YES;
				GCC_WARN_ABOUT_RETURN_TYPE = YES_ERROR;
				GCC_WARN_UNDECLARED_SELECTOR = YES;
				GCC_WARN_UNINITIALIZED_AUTOS = YES;
				GCC_WARN_UNUSED_FUNCTION = YES;
				GCC_WARN_UNUSED_VARIABLE = YES;
				IPHONEOS_DEPLOYMENT_TARGET = 6.0;
				ONLY_ACTIVE_ARCH = YES;
				SDKROOT = iphoneos;
			};
			name = Debug;
		};
		8F04C0BD189A488C005EF6F0 /* Release */ = {
			isa = XCBuildConfiguration;
			buildSettings = {
				ALWAYS_SEARCH_USER_PATHS = NO;
				ARCHS = "$(ARCHS_STANDARD_INCLUDING_64_BIT)";
				CLANG_CXX_LANGUAGE_STANDARD = "gnu++0x";
				CLANG_CXX_LIBRARY = "libc++";
				CLANG_ENABLE_MODULES = YES;
				CLANG_ENABLE_OBJC_ARC = YES;
				CLANG_WARN_BOOL_CONVERSION = YES;
				CLANG_WARN_CONSTANT_CONVERSION = YES;
				CLANG_WARN_DIRECT_OBJC_ISA_USAGE = YES_ERROR;
				CLANG_WARN_EMPTY_BODY = YES;
				CLANG_WARN_ENUM_CONVERSION = YES;
				CLANG_WARN_INT_CONVERSION = YES;
				CLANG_WARN_OBJC_ROOT_CLASS = YES_ERROR;
				CLANG_WARN__DUPLICATE_METHOD_MATCH = YES;
				"CODE_SIGN_IDENTITY[sdk=iphoneos*]" = "iPhone Developer";
				COPY_PHASE_STRIP = YES;
				ENABLE_NS_ASSERTIONS = NO;
				GCC_C_LANGUAGE_STANDARD = gnu99;
				GCC_WARN_64_TO_32_BIT_CONVERSION = YES;
				GCC_WARN_ABOUT_RETURN_TYPE = YES_ERROR;
				GCC_WARN_UNDECLARED_SELECTOR = YES;
				GCC_WARN_UNINITIALIZED_AUTOS = YES;
				GCC_WARN_UNUSED_FUNCTION = YES;
				GCC_WARN_UNUSED_VARIABLE = YES;
				IPHONEOS_DEPLOYMENT_TARGET = 6.0;
				SDKROOT = iphoneos;
				VALIDATE_PRODUCT = YES;
			};
			name = Release;
		};
		8F04C0BF189A488C005EF6F0 /* Debug */ = {
			isa = XCBuildConfiguration;
			buildSettings = {
				ASSETCATALOG_COMPILER_APPICON_NAME = AppIcon;
				ASSETCATALOG_COMPILER_LAUNCHIMAGE_NAME = LaunchImage;
				GCC_PRECOMPILE_PREFIX_HEADER = YES;
				GCC_PREFIX_HEADER = "TicTacToe/TicTacToe-Prefix.pch";
				INFOPLIST_FILE = "TicTacToe/TicTacToe-Info.plist";
				PRODUCT_NAME = "$(TARGET_NAME)";
				RUN_CLANG_STATIC_ANALYZER = YES;
				WRAPPER_EXTENSION = app;
			};
			name = Debug;
		};
		8F04C0C0189A488C005EF6F0 /* Release */ = {
			isa = XCBuildConfiguration;
			buildSettings = {
				ASSETCATALOG_COMPILER_APPICON_NAME = AppIcon;
				ASSETCATALOG_COMPILER_LAUNCHIMAGE_NAME = LaunchImage;
				GCC_PRECOMPILE_PREFIX_HEADER = YES;
				GCC_PREFIX_HEADER = "TicTacToe/TicTacToe-Prefix.pch";
				INFOPLIST_FILE = "TicTacToe/TicTacToe-Info.plist";
				PRODUCT_NAME = "$(TARGET_NAME)";
				RUN_CLANG_STATIC_ANALYZER = YES;
				WRAPPER_EXTENSION = app;
			};
			name = Release;
		};
		8FA16FC7189ECAEF00117E60 /* Debug */ = {
			isa = XCBuildConfiguration;
			buildSettings = {
				ARCHS = "$(ARCHS_STANDARD_INCLUDING_64_BIT)";
				BUNDLE_LOADER = "$(BUILT_PRODUCTS_DIR)/TicTacToe.app/TicTacToe";
				FRAMEWORK_SEARCH_PATHS = (
					"$(SDKROOT)/Developer/Library/Frameworks",
					"$(inherited)",
					"$(DEVELOPER_FRAMEWORKS_DIR)",
				);
				GCC_PRECOMPILE_PREFIX_HEADER = YES;
				GCC_PREFIX_HEADER = "TicTacToe Tests/TicTacToe Tests-Prefix.pch";
				GCC_PREPROCESSOR_DEFINITIONS = (
					"DEBUG=1",
					"$(inherited)",
				);
				INFOPLIST_FILE = "TicTacToe Tests/TicTacToe Tests-Info.plist";
				IPHONEOS_DEPLOYMENT_TARGET = 7.0;
				PRODUCT_NAME = "$(TARGET_NAME)";
				TEST_HOST = "$(BUNDLE_LOADER)";
				WRAPPER_EXTENSION = xctest;
			};
			name = Debug;
		};
		8FA16FC8189ECAEF00117E60 /* Release */ = {
			isa = XCBuildConfiguration;
			buildSettings = {
				ARCHS = "$(ARCHS_STANDARD_INCLUDING_64_BIT)";
				BUNDLE_LOADER = "$(BUILT_PRODUCTS_DIR)/TicTacToe.app/TicTacToe";
				FRAMEWORK_SEARCH_PATHS = (
					"$(SDKROOT)/Developer/Library/Frameworks",
					"$(inherited)",
					"$(DEVELOPER_FRAMEWORKS_DIR)",
				);
				GCC_PRECOMPILE_PREFIX_HEADER = YES;
				GCC_PREFIX_HEADER = "TicTacToe Tests/TicTacToe Tests-Prefix.pch";
				INFOPLIST_FILE = "TicTacToe Tests/TicTacToe Tests-Info.plist";
				IPHONEOS_DEPLOYMENT_TARGET = 7.0;
				PRODUCT_NAME = "$(TARGET_NAME)";
				TEST_HOST = "$(BUNDLE_LOADER)";
				WRAPPER_EXTENSION = xctest;
			};
			name = Release;
		};
/* End XCBuildConfiguration section */

/* Begin XCConfigurationList section */
		8F04C08D189A488B005EF6F0 /* Build configuration list for PBXProject "TicTacToe" */ = {
			isa = XCConfigurationList;
			buildConfigurations = (
				8F04C0BC189A488C005EF6F0 /* Debug */,
				8F04C0BD189A488C005EF6F0 /* Release */,
			);
			defaultConfigurationIsVisible = 0;
			defaultConfigurationName = Release;
		};
		8F04C0BE189A488C005EF6F0 /* Build configuration list for PBXNativeTarget "TicTacToe" */ = {
			isa = XCConfigurationList;
			buildConfigurations = (
				8F04C0BF189A488C005EF6F0 /* Debug */,
				8F04C0C0189A488C005EF6F0 /* Release */,
			);
			defaultConfigurationIsVisible = 0;
			defaultConfigurationName = Release;
		};
		8FA16FC6189ECAEF00117E60 /* Build configuration list for PBXNativeTarget "TicTacToe Tests" */ = {
			isa = XCConfigurationList;
			buildConfigurations = (
				8FA16FC7189ECAEF00117E60 /* Debug */,
				8FA16FC8189ECAEF00117E60 /* Release */,
			);
			defaultConfigurationIsVisible = 0;
			defaultConfigurationName = Release;
		};
/* End XCConfigurationList section */
	};
	rootObject = 8F04C08A189A488B005EF6F0 /* Project object */;
}
